<?xml version="1.0" encoding="utf-8"?>
<Project ToolsVersion="4.0" xmlns="http://schemas.microsoft.com/developer/msbuild/2003">
  <ItemGroup>
    <Filter Include="Source">
      <UniqueIdentifier>{2d2cea70-2fde-4381-b35e-5ef68504f730}</UniqueIdentifier>
    </Filter>
    <Filter Include="Shaders">
      <UniqueIdentifier>{42b53ad7-f76a-4c4c-94bb-dd1cafa353a7}</UniqueIdentifier>
    </Filter>
    <Filter Include="MiscCommon">
      <UniqueIdentifier>{427e8bc5-0faa-475b-ace6-8f31c1f23ef1}</UniqueIdentifier>
    </Filter>
  </ItemGroup>
  <ItemGroup>
    <ClInclude Include="..\MiscCommon\Camera.h">
      <Filter>MiscCommon</Filter>
    </ClInclude>
    <ClInclude Include="..\MiscCommon\D3DApp.h">
      <Filter>MiscCommon</Filter>
    </ClInclude>
    <ClInclude Include="..\MiscCommon\D3DInput.h">
      <Filter>MiscCommon</Filter>
    </ClInclude>
    <ClInclude Include="..\MiscCommon\D3DShader.h">
      <Filter>MiscCommon</Filter>
    </ClInclude>
    <ClInclude Include="..\MiscCommon\D3DUtil.h">
      <Filter>MiscCommon</Filter>
    </ClInclude>
    <ClInclude Include="..\MiscCommon\d3dx12.h">
      <Filter>MiscCommon</Filter>
    </ClInclude>
    <ClInclude Include="..\MiscCommon\DX12Exception.h">
      <Filter>MiscCommon</Filter>
    </ClInclude>
    <ClInclude Include="..\MiscCommon\FrameResource.h">
      <Filter>MiscCommon</Filter>
    </ClInclude>
    <ClInclude Include="..\MiscCommon\GameTimer.h">
      <Filter>MiscCommon</Filter>
    </ClInclude>
    <ClInclude Include="..\MiscCommon\GeometryGenerator.h">
      <Filter>MiscCommon</Filter>
    </ClInclude>
    <ClInclude Include="..\MiscCommon\GraphicWindow.h">
      <Filter>MiscCommon</Filter>
    </ClInclude>
    <ClInclude Include="..\MiscCommon\InputHandler.h">
      <Filter>MiscCommon</Filter>
    </ClInclude>
    <ClInclude Include="..\MiscCommon\MathHelper.h">
      <Filter>MiscCommon</Filter>
    </ClInclude>
    <ClInclude Include="..\MiscCommon\MeshGeometry.h">
      <Filter>MiscCommon</Filter>
    </ClInclude>
    <ClInclude Include="..\MiscCommon\RenderItem.h">
      <Filter>MiscCommon</Filter>
    </ClInclude>
    <ClInclude Include="..\MiscCommon\UploadBuffer.h">
      <Filter>MiscCommon</Filter>
    </ClInclude>
    <ClInclude Include="..\MiscCommon\WaveFrameResource.h">
      <Filter>MiscCommon</Filter>
    </ClInclude>
    <ClInclude Include="Source\MaterialApp.h">
      <Filter>Source</Filter>
    </ClInclude>
  </ItemGroup>
  <ItemGroup>
    <ClCompile Include="..\MiscCommon\D3DApp.cpp">
      <Filter>MiscCommon</Filter>
    </ClCompile>
    <ClCompile Include="..\MiscCommon\D3DInput.cpp">
      <Filter>MiscCommon</Filter>
    </ClCompile>
    <ClCompile Include="..\MiscCommon\D3DUtil.cpp">
      <Filter>MiscCommon</Filter>
    </ClCompile>
    <ClCompile Include="..\MiscCommon\GameTimer.cpp">
      <Filter>MiscCommon</Filter>
    </ClCompile>
    <ClCompile Include="..\MiscCommon\GeometryGenerator.cpp">
      <Filter>MiscCommon</Filter>
    </ClCompile>
    <ClCompile Include="..\MiscCommon\GraphicWindow.cpp">
      <Filter>MiscCommon</Filter>
    </ClCompile>
    <ClCompile Include="..\MiscCommon\MathHelper.cpp">
      <Filter>MiscCommon</Filter>
    </ClCompile>
    <ClCompile Include="Source\WinMain.cpp">
      <Filter>Source</Filter>
    </ClCompile>
    <ClCompile Include="Source\MaterialApp.cpp">
      <Filter>Source</Filter>
    </ClCompile>
  </ItemGroup>
  <ItemGroup>
    <FxCompile Include="Shaders\base_ps.hlsl">
      <Filter>Shaders</Filter>
    </FxCompile>
    <FxCompile Include="Shaders\base_vs.hlsl">
      <Filter>Shaders</Filter>
    </FxCompile>
  </ItemGroup>
</Project>