<?xml version="1.0" encoding="utf-8"?>
<Project ToolsVersion="4.0" xmlns="http://schemas.microsoft.com/developer/msbuild/2003">
  <ItemGroup>
    <Filter Include="MiscCommon">
      <UniqueIdentifier>{56096a85-5567-44b0-8eac-378252f72033}</UniqueIdentifier>
    </Filter>
    <Filter Include="Source">
      <UniqueIdentifier>{11bde291-2cb9-4b48-900f-112c9d31a18b}</UniqueIdentifier>
    </Filter>
    <Filter Include="Shaders">
      <UniqueIdentifier>{69a915f2-c58b-4b12-b31b-6aafa9f6133f}</UniqueIdentifier>
    </Filter>
  </ItemGroup>
  <ItemGroup>
    <ClCompile Include="Source\WinMain.cpp">
      <Filter>Source</Filter>
    </ClCompile>
    <ClCompile Include="Source\BoxApp.cpp">
      <Filter>Source</Filter>
    </ClCompile>
    <ClCompile Include="..\MiscCommon\D3DApp.cpp">
      <Filter>MiscCommon</Filter>
    </ClCompile>
    <ClCompile Include="..\MiscCommon\D3DInput.cpp">
      <Filter>MiscCommon</Filter>
    </ClCompile>
    <ClCompile Include="..\MiscCommon\D3DUtil.cpp">
      <Filter>MiscCommon</Filter>
    </ClCompile>
    <ClCompile Include="..\MiscCommon\GameTimer.cpp">
      <Filter>MiscCommon</Filter>
    </ClCompile>
    <ClCompile Include="..\MiscCommon\GeometryGenerator.cpp">
      <Filter>MiscCommon</Filter>
    </ClCompile>
    <ClCompile Include="..\MiscCommon\GraphicWindow.cpp">
      <Filter>MiscCommon</Filter>
    </ClCompile>
    <ClCompile Include="..\MiscCommon\MathHelper.cpp">
      <Filter>MiscCommon</Filter>
    </ClCompile>
  </ItemGroup>
  <ItemGroup>
    <ClInclude Include="Source\BoxApp.h">
      <Filter>Source</Filter>
    </ClInclude>
    <ClInclude Include="..\MiscCommon\Camera.h">
      <Filter>MiscCommon</Filter>
    </ClInclude>
    <ClInclude Include="..\MiscCommon\D3DApp.h">
      <Filter>MiscCommon</Filter>
    </ClInclude>
    <ClInclude Include="..\MiscCommon\D3DInput.h">
      <Filter>MiscCommon</Filter>
    </ClInclude>
    <ClInclude Include="..\MiscCommon\D3DShader.h">
      <Filter>MiscCommon</Filter>
    </ClInclude>
    <ClInclude Include="..\MiscCommon\D3DUtil.h">
      <Filter>MiscCommon</Filter>
    </ClInclude>
    <ClInclude Include="..\MiscCommon\d3dx12.h">
      <Filter>MiscCommon</Filter>
    </ClInclude>
    <ClInclude Include="..\MiscCommon\DX12Exception.h">
      <Filter>MiscCommon</Filter>
    </ClInclude>
    <ClInclude Include="..\MiscCommon\FrameResource.h">
      <Filter>MiscCommon</Filter>
    </ClInclude>
    <ClInclude Include="..\MiscCommon\GameTimer.h">
      <Filter>MiscCommon</Filter>
    </ClInclude>
    <ClInclude Include="..\MiscCommon\GeometryGenerator.h">
      <Filter>MiscCommon</Filter>
    </ClInclude>
    <ClInclude Include="..\MiscCommon\GraphicWindow.h">
      <Filter>MiscCommon</Filter>
    </ClInclude>
    <ClInclude Include="..\MiscCommon\InputHandler.h">
      <Filter>MiscCommon</Filter>
    </ClInclude>
    <ClInclude Include="..\MiscCommon\MathHelper.h">
      <Filter>MiscCommon</Filter>
    </ClInclude>
    <ClInclude Include="..\MiscCommon\MeshGeometry.h">
      <Filter>MiscCommon</Filter>
    </ClInclude>
    <ClInclude Include="..\MiscCommon\RenderItem.h">
      <Filter>MiscCommon</Filter>
    </ClInclude>
    <ClInclude Include="..\MiscCommon\UploadBuffer.h">
      <Filter>MiscCommon</Filter>
    </ClInclude>
  </ItemGroup>
  <ItemGroup>
    <FxCompile Include="Shaders\base_vs.hlsl">
      <Filter>Shaders</Filter>
    </FxCompile>
    <FxCompile Include="Shaders\base_ps.hlsl">
      <Filter>Shaders</Filter>
    </FxCompile>
  </ItemGroup>
</Project>